
Microsoft Visual Studio Solution File, Format Version 12.00
# Visual Studio Version 17
VisualStudioVersion = 17.5.33530.505
MinimumVisualStudioVersion = 10.0.40219.1
Project("{FAE04EC0-301F-11D3-BF4B-00C04F79EFBC}") = "CommandService", "CommandService\CommandService.csproj", "{194B9744-C7A0-4169-8BCD-7F22D3B08873}"
EndProject
Global
	GlobalSection(SolutionConfigurationPlatforms) = preSolution
		Debug|Any CPU = Debug|Any CPU
		Release|Any CPU = Release|Any CPU
	EndGlobalSection
	GlobalSection(ProjectConfigurationPlatforms) = postSolution
		{194B9744-C7A0-4169-8BCD-7F22D3B08873}.Debug|Any CPU.ActiveCfg = Debug|Any CPU
		{194B9744-C7A0-4169-8BCD-7F22D3B08873}.Debug|Any CPU.Build.0 = Debug|Any CPU
		{194B9744-C7A0-4169-8BCD-7F22D3B08873}.Release|Any CPU.ActiveCfg = Release|Any CPU
		{194B9744-C7A0-4169-8BCD-7F22D3B08873}.Release|Any CPU.Build.0 = Release|Any CPU
	EndGlobalSection
	GlobalSection(SolutionProperties) = preSolution
		HideSolutionNode = FALSE
	EndGlobalSection
	GlobalSection(ExtensibilityGlobals) = postSolution
		SolutionGuid = {63585C8E-6C94-40A4-8CC4-FE7391655F65}
	EndGlobalSection
EndGlobal
